
Microsoft Visual Studio Solution File, Format Version 12.00
# Visual Studio Version 17
VisualStudioVersion = 17.0.31903.59
MinimumVisualStudioVersion = 10.0.40219.1
Project("{FAE04EC0-301F-11D3-BF4B-00C04F79EFBC}") = "Possari.Domain", "src\Possari.Domain\Possari.Domain.csproj", "{F493F9B5-B92C-43E4-9243-4F4354525DCA}"
EndProject
Project("{FAE04EC0-301F-11D3-BF4B-00C04F79EFBC}") = "Possari.Application", "src\Possari.Application\Possari.Application.csproj", "{686B643C-2D4C-439C-8C0C-267AA0FC873D}"
EndProject
Project("{FAE04EC0-301F-11D3-BF4B-00C04F79EFBC}") = "Possari.Infrastructure", "src\Possari.Infrastructure\Possari.Infrastructure.csproj", "{C8548B7E-BACF-4B20-B6FC-012AC90C4D27}"
EndProject
Project("{FAE04EC0-301F-11D3-BF4B-00C04F79EFBC}") = "Possari.Contracts", "src\Possari.Contracts\Possari.Contracts.csproj", "{82E64D84-1A16-43F1-85EA-F0C363E39EC0}"
EndProject
Project("{2150E333-8FDC-42A3-9474-1A3956D46DE8}") = "tests", "tests", "{DCDAB115-A5BD-4661-A826-75B7E6260D6B}"
EndProject
Project("{FAE04EC0-301F-11D3-BF4B-00C04F79EFBC}") = "Possari.Domain.Tests", "tests\Possari.Domain.Tests\Possari.Domain.Tests.csproj", "{32D7A581-1D6B-456F-96CF-10DABFBC5AAA}"
EndProject
Project("{FAE04EC0-301F-11D3-BF4B-00C04F79EFBC}") = "Possari.Application.Tests", "tests\Possari.Application.Tests\Possari.Application.Tests.csproj", "{8FB4C367-C597-4BD4-8A27-25DCAAEE16A6}"
EndProject
Project("{2150E333-8FDC-42A3-9474-1A3956D46DE8}") = "src", "src", "{CCFE1EA0-A194-4451-9DC5-3BEBB0817482}"
EndProject
Project("{FAE04EC0-301F-11D3-BF4B-00C04F79EFBC}") = "Possari.WebApi", "src\Possari.WebApi\Possari.WebApi.csproj", "{FD1B792E-C4C0-479B-9942-369D3C2BDC38}"
EndProject
Project("{FAE04EC0-301F-11D3-BF4B-00C04F79EFBC}") = "Possari.AppHost", "src\Possari.AppHost\Possari.AppHost.csproj", "{9664F185-38F7-4692-B2A4-9C6DE9ACD213}"
EndProject
Project("{FAE04EC0-301F-11D3-BF4B-00C04F79EFBC}") = "Possari.ServiceDefaults", "src\Possari.ServiceDefaults\Possari.ServiceDefaults.csproj", "{B1AD109C-AD39-47F4-98EB-55CC3DFFBA8E}"
EndProject
Project("{FAE04EC0-301F-11D3-BF4B-00C04F79EFBC}") = "Possari.Presentation", "src\Possari.Presentation\Possari.Presentation.csproj", "{D23B2F33-F92C-40AD-B316-2133A1D377EF}"
EndProject
Global
	GlobalSection(SolutionConfigurationPlatforms) = preSolution
		Debug|Any CPU = Debug|Any CPU
		Release|Any CPU = Release|Any CPU
	EndGlobalSection
	GlobalSection(SolutionProperties) = preSolution
		HideSolutionNode = FALSE
	EndGlobalSection
	GlobalSection(ProjectConfigurationPlatforms) = postSolution
		{F493F9B5-B92C-43E4-9243-4F4354525DCA}.Debug|Any CPU.ActiveCfg = Debug|Any CPU
		{F493F9B5-B92C-43E4-9243-4F4354525DCA}.Debug|Any CPU.Build.0 = Debug|Any CPU
		{F493F9B5-B92C-43E4-9243-4F4354525DCA}.Release|Any CPU.ActiveCfg = Release|Any CPU
		{F493F9B5-B92C-43E4-9243-4F4354525DCA}.Release|Any CPU.Build.0 = Release|Any CPU
		{686B643C-2D4C-439C-8C0C-267AA0FC873D}.Debug|Any CPU.ActiveCfg = Debug|Any CPU
		{686B643C-2D4C-439C-8C0C-267AA0FC873D}.Debug|Any CPU.Build.0 = Debug|Any CPU
		{686B643C-2D4C-439C-8C0C-267AA0FC873D}.Release|Any CPU.ActiveCfg = Release|Any CPU
		{686B643C-2D4C-439C-8C0C-267AA0FC873D}.Release|Any CPU.Build.0 = Release|Any CPU
		{C8548B7E-BACF-4B20-B6FC-012AC90C4D27}.Debug|Any CPU.ActiveCfg = Debug|Any CPU
		{C8548B7E-BACF-4B20-B6FC-012AC90C4D27}.Debug|Any CPU.Build.0 = Debug|Any CPU
		{C8548B7E-BACF-4B20-B6FC-012AC90C4D27}.Release|Any CPU.ActiveCfg = Release|Any CPU
		{C8548B7E-BACF-4B20-B6FC-012AC90C4D27}.Release|Any CPU.Build.0 = Release|Any CPU
		{82E64D84-1A16-43F1-85EA-F0C363E39EC0}.Debug|Any CPU.ActiveCfg = Debug|Any CPU
		{82E64D84-1A16-43F1-85EA-F0C363E39EC0}.Debug|Any CPU.Build.0 = Debug|Any CPU
		{82E64D84-1A16-43F1-85EA-F0C363E39EC0}.Release|Any CPU.ActiveCfg = Release|Any CPU
		{82E64D84-1A16-43F1-85EA-F0C363E39EC0}.Release|Any CPU.Build.0 = Release|Any CPU
		{32D7A581-1D6B-456F-96CF-10DABFBC5AAA}.Debug|Any CPU.ActiveCfg = Debug|Any CPU
		{32D7A581-1D6B-456F-96CF-10DABFBC5AAA}.Debug|Any CPU.Build.0 = Debug|Any CPU
		{32D7A581-1D6B-456F-96CF-10DABFBC5AAA}.Release|Any CPU.ActiveCfg = Release|Any CPU
		{32D7A581-1D6B-456F-96CF-10DABFBC5AAA}.Release|Any CPU.Build.0 = Release|Any CPU
		{8FB4C367-C597-4BD4-8A27-25DCAAEE16A6}.Debug|Any CPU.ActiveCfg = Debug|Any CPU
		{8FB4C367-C597-4BD4-8A27-25DCAAEE16A6}.Debug|Any CPU.Build.0 = Debug|Any CPU
		{8FB4C367-C597-4BD4-8A27-25DCAAEE16A6}.Release|Any CPU.ActiveCfg = Release|Any CPU
		{8FB4C367-C597-4BD4-8A27-25DCAAEE16A6}.Release|Any CPU.Build.0 = Release|Any CPU
		{FD1B792E-C4C0-479B-9942-369D3C2BDC38}.Debug|Any CPU.ActiveCfg = Debug|Any CPU
		{FD1B792E-C4C0-479B-9942-369D3C2BDC38}.Debug|Any CPU.Build.0 = Debug|Any CPU
		{FD1B792E-C4C0-479B-9942-369D3C2BDC38}.Release|Any CPU.ActiveCfg = Release|Any CPU
		{FD1B792E-C4C0-479B-9942-369D3C2BDC38}.Release|Any CPU.Build.0 = Release|Any CPU
		{9664F185-38F7-4692-B2A4-9C6DE9ACD213}.Debug|Any CPU.ActiveCfg = Debug|Any CPU
		{9664F185-38F7-4692-B2A4-9C6DE9ACD213}.Debug|Any CPU.Build.0 = Debug|Any CPU
		{9664F185-38F7-4692-B2A4-9C6DE9ACD213}.Release|Any CPU.ActiveCfg = Release|Any CPU
		{9664F185-38F7-4692-B2A4-9C6DE9ACD213}.Release|Any CPU.Build.0 = Release|Any CPU
		{B1AD109C-AD39-47F4-98EB-55CC3DFFBA8E}.Debug|Any CPU.ActiveCfg = Debug|Any CPU
		{B1AD109C-AD39-47F4-98EB-55CC3DFFBA8E}.Debug|Any CPU.Build.0 = Debug|Any CPU
		{B1AD109C-AD39-47F4-98EB-55CC3DFFBA8E}.Release|Any CPU.ActiveCfg = Release|Any CPU
		{B1AD109C-AD39-47F4-98EB-55CC3DFFBA8E}.Release|Any CPU.Build.0 = Release|Any CPU
		{D23B2F33-F92C-40AD-B316-2133A1D377EF}.Debug|Any CPU.ActiveCfg = Debug|Any CPU
		{D23B2F33-F92C-40AD-B316-2133A1D377EF}.Debug|Any CPU.Build.0 = Debug|Any CPU
		{D23B2F33-F92C-40AD-B316-2133A1D377EF}.Release|Any CPU.ActiveCfg = Release|Any CPU
		{D23B2F33-F92C-40AD-B316-2133A1D377EF}.Release|Any CPU.Build.0 = Release|Any CPU
	EndGlobalSection
	GlobalSection(NestedProjects) = preSolution
		{32D7A581-1D6B-456F-96CF-10DABFBC5AAA} = {DCDAB115-A5BD-4661-A826-75B7E6260D6B}
		{8FB4C367-C597-4BD4-8A27-25DCAAEE16A6} = {DCDAB115-A5BD-4661-A826-75B7E6260D6B}
		{FD1B792E-C4C0-479B-9942-369D3C2BDC38} = {CCFE1EA0-A194-4451-9DC5-3BEBB0817482}
		{D23B2F33-F92C-40AD-B316-2133A1D377EF} = {CCFE1EA0-A194-4451-9DC5-3BEBB0817482}
	EndGlobalSection
EndGlobal
